
Microsoft Visual Studio Solution File, Format Version 12.00
# Visual Studio 2013
VisualStudioVersion = 12.0.21005.1
MinimumVisualStudioVersion = 10.0.40219.1
Project("{FAE04EC0-301F-11D3-BF4B-00C04F79EFBC}") = "Server", "CSCI156Project\Server.csproj", "{1BDD3B04-CEEA-4DB9-AB42-A54A4A99E94D}"
EndProject
Project("{FAE04EC0-301F-11D3-BF4B-00C04F79EFBC}") = "Client", "Client\Client.csproj", "{586A8417-6736-4817-AE4C-39196BAA3974}"
EndProject
Global
	GlobalSection(SolutionConfigurationPlatforms) = preSolution
		Debug|Any CPU = Debug|Any CPU
		Release|Any CPU = Release|Any CPU
	EndGlobalSection
	GlobalSection(ProjectConfigurationPlatforms) = postSolution
		{1BDD3B04-CEEA-4DB9-AB42-A54A4A99E94D}.Debug|Any CPU.ActiveCfg = Debug|Any CPU
		{1BDD3B04-CEEA-4DB9-AB42-A54A4A99E94D}.Debug|Any CPU.Build.0 = Debug|Any CPU
		{1BDD3B04-CEEA-4DB9-AB42-A54A4A99E94D}.Release|Any CPU.ActiveCfg = Release|Any CPU
		{1BDD3B04-CEEA-4DB9-AB42-A54A4A99E94D}.Release|Any CPU.Build.0 = Release|Any CPU
		{586A8417-6736-4817-AE4C-39196BAA3974}.Debug|Any CPU.ActiveCfg = Debug|Any CPU
		{586A8417-6736-4817-AE4C-39196BAA3974}.Debug|Any CPU.Build.0 = Debug|Any CPU
		{586A8417-6736-4817-AE4C-39196BAA3974}.Release|Any CPU.ActiveCfg = Release|Any CPU
		{586A8417-6736-4817-AE4C-39196BAA3974}.Release|Any CPU.Build.0 = Release|Any CPU
	EndGlobalSection
	GlobalSection(SolutionProperties) = preSolution
		HideSolutionNode = FALSE
	EndGlobalSection
EndGlobal
